# This file is @generated by PDM.
# It is not intended for manual editing.

[metadata]
groups = ["default", "dev"]
strategy = ["cross_platform", "inherit_metadata"]
lock_version = "4.4.1"
content_hash = "sha256:193a21f9b40c189949032fd11fc984c3131cff181f6125375eddc8f19c06252c"

[[package]]
name = "annotated-types"
version = "0.6.0"
requires_python = ">=3.8"
summary = "Reusable constraint types to use with typing.Annotated"
groups = ["default"]
files = [
    {file = "annotated_types-0.6.0-py3-none-any.whl", hash = "sha256:0641064de18ba7a25dee8f96403ebc39113d0cb953a01429249d5c7564666a43"},
    {file = "annotated_types-0.6.0.tar.gz", hash = "sha256:563339e807e53ffd9c267e99fc6d9ea23eb8443c08f112651963e24e22f84a5d"},
]

[[package]]
name = "jinja2"
version = "3.1.3"
requires_python = ">=3.7"
summary = "A very fast and expressive template engine."
groups = ["default"]
dependencies = [
    "MarkupSafe>=2.0",
]
files = [
    {file = "Jinja2-3.1.3-py3-none-any.whl", hash = "sha256:7d6d50dd97d52cbc355597bd845fabfbac3f551e1f99619e39a35ce8c370b5fa"},
    {file = "Jinja2-3.1.3.tar.gz", hash = "sha256:ac8bd6544d4bb2c9792bf3a159e80bba8fda7f07e81bc3aed565432d5925ba90"},
]

[[package]]
name = "markupsafe"
version = "2.1.4"
requires_python = ">=3.7"
summary = "Safely add untrusted strings to HTML/XML markup."
groups = ["default"]
files = [
    {file = "MarkupSafe-2.1.4-cp312-cp312-macosx_10_9_universal2.whl", hash = "sha256:a76cd37d229fc385738bd1ce4cba2a121cf26b53864c1772694ad0ad348e509e"},
    {file = "MarkupSafe-2.1.4-cp312-cp312-macosx_10_9_x86_64.whl", hash = "sha256:987d13fe1d23e12a66ca2073b8d2e2a75cec2ecb8eab43ff5624ba0ad42764bc"},
    {file = "MarkupSafe-2.1.4-cp312-cp312-manylinux_2_17_aarch64.manylinux2014_aarch64.whl", hash = "sha256:5244324676254697fe5c181fc762284e2c5fceeb1c4e3e7f6aca2b6f107e60dc"},
    {file = "MarkupSafe-2.1.4-cp312-cp312-manylinux_2_17_x86_64.manylinux2014_x86_64.whl", hash = "sha256:78bc995e004681246e85e28e068111a4c3f35f34e6c62da1471e844ee1446250"},
    {file = "MarkupSafe-2.1.4-cp312-cp312-manylinux_2_5_i686.manylinux1_i686.manylinux_2_17_i686.manylinux2014_i686.whl", hash = "sha256:a4d176cfdfde84f732c4a53109b293d05883e952bbba68b857ae446fa3119b4f"},
    {file = "MarkupSafe-2.1.4-cp312-cp312-musllinux_1_1_aarch64.whl", hash = "sha256:f9917691f410a2e0897d1ef99619fd3f7dd503647c8ff2475bf90c3cf222ad74"},
    {file = "MarkupSafe-2.1.4-cp312-cp312-musllinux_1_1_i686.whl", hash = "sha256:f06e5a9e99b7df44640767842f414ed5d7bedaaa78cd817ce04bbd6fd86e2dd6"},
    {file = "MarkupSafe-2.1.4-cp312-cp312-musllinux_1_1_x86_64.whl", hash = "sha256:396549cea79e8ca4ba65525470d534e8a41070e6b3500ce2414921099cb73e8d"},
    {file = "MarkupSafe-2.1.4-cp312-cp312-win32.whl", hash = "sha256:f6be2d708a9d0e9b0054856f07ac7070fbe1754be40ca8525d5adccdbda8f475"},
    {file = "MarkupSafe-2.1.4-cp312-cp312-win_amd64.whl", hash = "sha256:5045e892cfdaecc5b4c01822f353cf2c8feb88a6ec1c0adef2a2e705eef0f656"},
    {file = "MarkupSafe-2.1.4.tar.gz", hash = "sha256:3aae9af4cac263007fd6309c64c6ab4506dd2b79382d9d19a1994f9240b8db4f"},
]

[[package]]
name = "pdoc"
version = "14.4.0"
requires_python = ">=3.8"
summary = "API Documentation for Python Projects"
groups = ["default"]
dependencies = [
    "Jinja2>=2.11.0",
    "MarkupSafe",
    "pygments>=2.12.0",
]
files = [
    {file = "pdoc-14.4.0-py3-none-any.whl", hash = "sha256:6ea4fe07620b1f7601e2708a307a257636ec206e20b5611640b30f2e3cab47d6"},
    {file = "pdoc-14.4.0.tar.gz", hash = "sha256:c92edc425429ccbe287ace2a027953c24f13de53eab484c1a6d31ca72dd2fda9"},
]

[[package]]
name = "pydantic"
version = "2.6.0"
requires_python = ">=3.8"
summary = "Data validation using Python type hints"
groups = ["default"]
dependencies = [
    "annotated-types>=0.4.0",
    "pydantic-core==2.16.1",
    "typing-extensions>=4.6.1",
]
files = [
    {file = "pydantic-2.6.0-py3-none-any.whl", hash = "sha256:1440966574e1b5b99cf75a13bec7b20e3512e8a61b894ae252f56275e2c465ae"},
    {file = "pydantic-2.6.0.tar.gz", hash = "sha256:ae887bd94eb404b09d86e4d12f93893bdca79d766e738528c6fa1c849f3c6bcf"},
]

[[package]]
name = "pydantic-core"
version = "2.16.1"
requires_python = ">=3.8"
summary = ""
groups = ["default"]
dependencies = [
    "typing-extensions!=4.7.0,>=4.6.0",
]
files = [
    {file = "pydantic_core-2.16.1-cp312-cp312-macosx_10_12_x86_64.whl", hash = "sha256:0f478ec204772a5c8218e30eb813ca43e34005dff2eafa03931b3d8caef87d51"},
    {file = "pydantic_core-2.16.1-cp312-cp312-macosx_11_0_arm64.whl", hash = "sha256:f1936ef138bed2165dd8573aa65e3095ef7c2b6247faccd0e15186aabdda7f66"},
    {file = "pydantic_core-2.16.1-cp312-cp312-manylinux_2_17_aarch64.manylinux2014_aarch64.whl", hash = "sha256:99d3a433ef5dc3021c9534a58a3686c88363c591974c16c54a01af7efd741f13"},
    {file = "pydantic_core-2.16.1-cp312-cp312-manylinux_2_17_armv7l.manylinux2014_armv7l.whl", hash = "sha256:bd88f40f2294440d3f3c6308e50d96a0d3d0973d6f1a5732875d10f569acef49"},
    {file = "pydantic_core-2.16.1-cp312-cp312-manylinux_2_17_ppc64le.manylinux2014_ppc64le.whl", hash = "sha256:3fac641bbfa43d5a1bed99d28aa1fded1984d31c670a95aac1bf1d36ac6ce137"},
    {file = "pydantic_core-2.16.1-cp312-cp312-manylinux_2_17_s390x.manylinux2014_s390x.whl", hash = "sha256:72bf9308a82b75039b8c8edd2be2924c352eda5da14a920551a8b65d5ee89253"},
    {file = "pydantic_core-2.16.1-cp312-cp312-manylinux_2_17_x86_64.manylinux2014_x86_64.whl", hash = "sha256:fb4363e6c9fc87365c2bc777a1f585a22f2f56642501885ffc7942138499bf54"},
    {file = "pydantic_core-2.16.1-cp312-cp312-manylinux_2_5_i686.manylinux1_i686.whl", hash = "sha256:20f724a023042588d0f4396bbbcf4cffd0ddd0ad3ed4f0d8e6d4ac4264bae81e"},
    {file = "pydantic_core-2.16.1-cp312-cp312-musllinux_1_1_aarch64.whl", hash = "sha256:fb4370b15111905bf8b5ba2129b926af9470f014cb0493a67d23e9d7a48348e8"},
    {file = "pydantic_core-2.16.1-cp312-cp312-musllinux_1_1_x86_64.whl", hash = "sha256:23632132f1fd608034f1a56cc3e484be00854db845b3a4a508834be5a6435a6f"},
    {file = "pydantic_core-2.16.1-cp312-none-win32.whl", hash = "sha256:b9f3e0bffad6e238f7acc20c393c1ed8fab4371e3b3bc311020dfa6020d99212"},
    {file = "pydantic_core-2.16.1-cp312-none-win_amd64.whl", hash = "sha256:a0b4cfe408cd84c53bab7d83e4209458de676a6ec5e9c623ae914ce1cb79b96f"},
    {file = "pydantic_core-2.16.1-cp312-none-win_arm64.whl", hash = "sha256:d195add190abccefc70ad0f9a0141ad7da53e16183048380e688b466702195dd"},
    {file = "pydantic_core-2.16.1-pp310-pypy310_pp73-macosx_10_12_x86_64.whl", hash = "sha256:d25ef0c33f22649b7a088035fd65ac1ce6464fa2876578df1adad9472f918a76"},
    {file = "pydantic_core-2.16.1-pp310-pypy310_pp73-macosx_11_0_arm64.whl", hash = "sha256:99c095457eea8550c9fa9a7a992e842aeae1429dab6b6b378710f62bfb70b394"},
    {file = "pydantic_core-2.16.1-pp310-pypy310_pp73-manylinux_2_17_aarch64.manylinux2014_aarch64.whl", hash = "sha256:b49c604ace7a7aa8af31196abbf8f2193be605db6739ed905ecaf62af31ccae0"},
    {file = "pydantic_core-2.16.1-pp310-pypy310_pp73-manylinux_2_17_x86_64.manylinux2014_x86_64.whl", hash = "sha256:c56da23034fe66221f2208c813d8aa509eea34d97328ce2add56e219c3a9f41c"},
    {file = "pydantic_core-2.16.1-pp310-pypy310_pp73-manylinux_2_5_i686.manylinux1_i686.whl", hash = "sha256:cebf8d56fee3b08ad40d332a807ecccd4153d3f1ba8231e111d9759f02edfd05"},
    {file = "pydantic_core-2.16.1-pp310-pypy310_pp73-musllinux_1_1_aarch64.whl", hash = "sha256:1ae8048cba95f382dba56766525abca438328455e35c283bb202964f41a780b0"},
    {file = "pydantic_core-2.16.1-pp310-pypy310_pp73-musllinux_1_1_x86_64.whl", hash = "sha256:780daad9e35b18d10d7219d24bfb30148ca2afc309928e1d4d53de86822593dc"},
    {file = "pydantic_core-2.16.1-pp310-pypy310_pp73-win_amd64.whl", hash = "sha256:c94b5537bf6ce66e4d7830c6993152940a188600f6ae044435287753044a8fe2"},
    {file = "pydantic_core-2.16.1-pp39-pypy39_pp73-macosx_10_12_x86_64.whl", hash = "sha256:adf28099d061a25fbcc6531febb7a091e027605385de9fe14dd6a97319d614cf"},
    {file = "pydantic_core-2.16.1-pp39-pypy39_pp73-macosx_11_0_arm64.whl", hash = "sha256:644904600c15816a1f9a1bafa6aab0d21db2788abcdf4e2a77951280473f33e1"},
    {file = "pydantic_core-2.16.1-pp39-pypy39_pp73-manylinux_2_17_aarch64.manylinux2014_aarch64.whl", hash = "sha256:87bce04f09f0552b66fca0c4e10da78d17cb0e71c205864bab4e9595122cb9d9"},
    {file = "pydantic_core-2.16.1-pp39-pypy39_pp73-manylinux_2_17_x86_64.manylinux2014_x86_64.whl", hash = "sha256:877045a7969ace04d59516d5d6a7dee13106822f99a5d8df5e6822941f7bedc8"},
    {file = "pydantic_core-2.16.1-pp39-pypy39_pp73-manylinux_2_5_i686.manylinux1_i686.whl", hash = "sha256:9c46e556ee266ed3fb7b7a882b53df3c76b45e872fdab8d9cf49ae5e91147fd7"},
    {file = "pydantic_core-2.16.1-pp39-pypy39_pp73-musllinux_1_1_aarch64.whl", hash = "sha256:4eebbd049008eb800f519578e944b8dc8e0f7d59a5abb5924cc2d4ed3a1834ff"},
    {file = "pydantic_core-2.16.1-pp39-pypy39_pp73-musllinux_1_1_x86_64.whl", hash = "sha256:c0be58529d43d38ae849a91932391eb93275a06b93b79a8ab828b012e916a206"},
    {file = "pydantic_core-2.16.1-pp39-pypy39_pp73-win_amd64.whl", hash = "sha256:b1fc07896fc1851558f532dffc8987e526b682ec73140886c831d773cef44b76"},
    {file = "pydantic_core-2.16.1.tar.gz", hash = "sha256:daff04257b49ab7f4b3f73f98283d3dbb1a65bf3500d55c7beac3c66c310fe34"},
]

[[package]]
name = "pygments"
version = "2.17.2"
requires_python = ">=3.7"
summary = "Pygments is a syntax highlighting package written in Python."
groups = ["default"]
files = [
    {file = "pygments-2.17.2-py3-none-any.whl", hash = "sha256:b27c2826c47d0f3219f29554824c30c5e8945175d888647acd804ddd04af846c"},
    {file = "pygments-2.17.2.tar.gz", hash = "sha256:da46cec9fd2de5be3a8a784f434e4c4ab670b4ff54d605c4c2717e9d49c4c367"},
]

[[package]]
name = "result"
version = "0.16.0"
requires_python = ">=3.8"
summary = "A Rust-like result type for Python"
groups = ["default"]
files = [
    {file = "result-0.16.0-py3-none-any.whl", hash = "sha256:10e412a320b3aab7dd88e716802b0bf41de380f868aab30c5b5305a9dfd49dc5"},
    {file = "result-0.16.0.tar.gz", hash = "sha256:9eb4a2c74f28722bf4bdcd5c0fdf35afaa1042b58f638204d0291873c8db7131"},
]

[[package]]
name = "typing-extensions"
version = "4.9.0"
requires_python = ">=3.8"
summary = "Backported and Experimental Type Hints for Python 3.8+"
groups = ["default"]
files = [
    {file = "typing_extensions-4.9.0-py3-none-any.whl", hash = "sha256:af72aea155e91adfc61c3ae9e0e342dbc0cba726d6cba4b6c72c1f34e47291cd"},
    {file = "typing_extensions-4.9.0.tar.gz", hash = "sha256:23478f88c37f27d76ac8aee6c905017a143b0b1b886c3c9f66bc2fd94f9f5783"},
]

[[package]]
name = "volcanic"
version = "0.1.0"
requires_python = ">=3.12"
editable = true
path = "../volcanic"
summary = "Default template for PDM package"
groups = ["dev"]
